// !$*UTF8*$!
{
	archiveVersion = 1;
	classes = {
	};
	objectVersion = 50;
	objects = {

/* Begin PBXBuildFile section */
		455F70452505FE640005C0B3 /* MainViewController.swift in Sources */ = {isa = PBXBuildFile; fileRef = 455F70442505FE640005C0B3 /* MainViewController.swift */; };
		457DB37B24F286F800CEE8DF /* AppDelegate.swift in Sources */ = {isa = PBXBuildFile; fileRef = 457DB37A24F286F800CEE8DF /* AppDelegate.swift */; };
		457DB37D24F286F800CEE8DF /* SceneDelegate.swift in Sources */ = {isa = PBXBuildFile; fileRef = 457DB37C24F286F800CEE8DF /* SceneDelegate.swift */; };
		457DB37F24F286F800CEE8DF /* ViewController.swift in Sources */ = {isa = PBXBuildFile; fileRef = 457DB37E24F286F800CEE8DF /* ViewController.swift */; };
		457DB38224F286F800CEE8DF /* Main.storyboard in Resources */ = {isa = PBXBuildFile; fileRef = 457DB38024F286F800CEE8DF /* Main.storyboard */; };
		457DB38424F286F900CEE8DF /* Assets.xcassets in Resources */ = {isa = PBXBuildFile; fileRef = 457DB38324F286F900CEE8DF /* Assets.xcassets */; };
		457DB38724F286F900CEE8DF /* LaunchScreen.storyboard in Resources */ = {isa = PBXBuildFile; fileRef = 457DB38524F286F900CEE8DF /* LaunchScreen.storyboard */; };
/* End PBXBuildFile section */

/* Begin PBXFileReference section */
		455F70442505FE640005C0B3 /* MainViewController.swift */ = {isa = PBXFileReference; lastKnownFileType = sourcecode.swift; path = MainViewController.swift; sourceTree = "<group>"; };
		457DB37724F286F800CEE8DF /* Mix Color.app */ = {isa = PBXFileReference; explicitFileType = wrapper.application; includeInIndex = 0; path = "Mix Color.app"; sourceTree = BUILT_PRODUCTS_DIR; };
		457DB37A24F286F800CEE8DF /* AppDelegate.swift */ = {isa = PBXFileReference; lastKnownFileType = sourcecode.swift; path = AppDelegate.swift; sourceTree = "<group>"; };
		457DB37C24F286F800CEE8DF /* SceneDelegate.swift */ = {isa = PBXFileReference; lastKnownFileType = sourcecode.swift; path = SceneDelegate.swift; sourceTree = "<group>"; };
		457DB37E24F286F800CEE8DF /* ViewController.swift */ = {isa = PBXFileReference; lastKnownFileType = sourcecode.swift; path = ViewController.swift; sourceTree = "<group>"; };
		457DB38124F286F800CEE8DF /* Base */ = {isa = PBXFileReference; lastKnownFileType = file.storyboard; name = Base; path = Base.lproj/Main.storyboard; sourceTree = "<group>"; };
		457DB38324F286F900CEE8DF /* Assets.xcassets */ = {isa = PBXFileReference; lastKnownFileType = folder.assetcatalog; path = Assets.xcassets; sourceTree = "<group>"; };
		457DB38624F286F900CEE8DF /* Base */ = {isa = PBXFileReference; lastKnownFileType = file.storyboard; name = Base; path = Base.lproj/LaunchScreen.storyboard; sourceTree = "<group>"; };
		457DB38824F286F900CEE8DF /* Info.plist */ = {isa = PBXFileReference; lastKnownFileType = text.plist.xml; path = Info.plist; sourceTree = "<group>"; };
/* End PBXFileReference section */

/* Begin PBXFrameworksBuildPhase section */
		457DB37424F286F800CEE8DF /* Frameworks */ = {
			isa = PBXFrameworksBuildPhase;
			buildActionMask = 2147483647;
			files = (
			);
			runOnlyForDeploymentPostprocessing = 0;
		};
/* End PBXFrameworksBuildPhase section */

/* Begin PBXGroup section */
		457DB36E24F286F800CEE8DF = {
			isa = PBXGroup;
			children = (
				457DB37924F286F800CEE8DF /* Mix Color */,
				457DB37824F286F800CEE8DF /* Products */,
			);
			sourceTree = "<group>";
		};
		457DB37824F286F800CEE8DF /* Products */ = {
			isa = PBXGroup;
			children = (
				457DB37724F286F800CEE8DF /* Mix Color.app */,
			);
			name = Products;
			sourceTree = "<group>";
		};
		457DB37924F286F800CEE8DF /* Mix Color */ = {
			isa = PBXGroup;
			children = (
				457DB37A24F286F800CEE8DF /* AppDelegate.swift */,
				457DB37C24F286F800CEE8DF /* SceneDelegate.swift */,
				455F70442505FE640005C0B3 /* MainViewController.swift */,
				457DB37E24F286F800CEE8DF /* ViewController.swift */,
				457DB38024F286F800CEE8DF /* Main.storyboard */,
				457DB38324F286F900CEE8DF /* Assets.xcassets */,
				457DB38524F286F900CEE8DF /* LaunchScreen.storyboard */,
				457DB38824F286F900CEE8DF /* Info.plist */,
			);
			path = "Mix Color";
			sourceTree = "<group>";
		};
/* End PBXGroup section */

/* Begin PBXNativeTarget section */
		457DB37624F286F800CEE8DF /* Mix Color */ = {
			isa = PBXNativeTarget;
			buildConfigurationList = 457DB38B24F286F900CEE8DF /* Build configuration list for PBXNativeTarget "Mix Color" */;
			buildPhases = (
				457DB37324F286F800CEE8DF /* Sources */,
				457DB37424F286F800CEE8DF /* Frameworks */,
				457DB37524F286F800CEE8DF /* Resources */,
			);
			buildRules = (
			);
			dependencies = (
			);
			name = "Mix Color";
			productName = "Mix Color";
			productReference = 457DB37724F286F800CEE8DF /* Mix Color.app */;
			productType = "com.apple.product-type.application";
		};
/* End PBXNativeTarget section */

/* Begin PBXProject section */
		457DB36F24F286F800CEE8DF /* Project object */ = {
			isa = PBXProject;
			attributes = {
				LastSwiftUpdateCheck = 1150;
				LastUpgradeCheck = 1150;
				ORGANIZATIONNAME = myself;
				TargetAttributes = {
					457DB37624F286F800CEE8DF = {
						CreatedOnToolsVersion = 11.5;
					};
				};
			};
			buildConfigurationList = 457DB37224F286F800CEE8DF /* Build configuration list for PBXProject "Mix Color" */;
			compatibilityVersion = "Xcode 9.3";
			developmentRegion = en;
			hasScannedForEncodings = 0;
			knownRegions = (
				en,
				Base,
			);
			mainGroup = 457DB36E24F286F800CEE8DF;
			productRefGroup = 457DB37824F286F800CEE8DF /* Products */;
			projectDirPath = "";
			projectRoot = "";
			targets = (
				457DB37624F286F800CEE8DF /* Mix Color */,
			);
		};
/* End PBXProject section */

/* Begin PBXResourcesBuildPhase section */
		457DB37524F286F800CEE8DF /* Resources */ = {
			isa = PBXResourcesBuildPhase;
			buildActionMask = 2147483647;
			files = (
				457DB38724F286F900CEE8DF /* LaunchScreen.storyboard in Resources */,
				457DB38424F286F900CEE8DF /* Assets.xcassets in Resources */,
				457DB38224F286F800CEE8DF /* Main.storyboard in Resources */,
			);
			runOnlyForDeploymentPostprocessing = 0;
		};
/* End PBXResourcesBuildPhase section */

/* Begin PBXSourcesBuildPhase section */
		457DB37324F286F800CEE8DF /* Sources */ = {
			isa = PBXSourcesBuildPhase;
			buildActionMask = 2147483647;
			files = (
				457DB37F24F286F800CEE8DF /* ViewController.swift in Sources */,
				457DB37B24F286F800CEE8DF /* AppDelegate.swift in Sources */,
				457DB37D24F286F800CEE8DF /* SceneDelegate.swift in Sources */,
				455F70452505FE640005C0B3 /* MainViewController.swift in Sources */,
			);
			runOnlyForDeploymentPostprocessing = 0;
		};
/* End PBXSourcesBuildPhase section */

/* Begin PBXVariantGroup section */
		457DB38024F286F800CEE8DF /* Main.storyboard */ = {
			isa = PBXVariantGroup;
			children = (
				457DB38124F286F800CEE8DF /* Base */,
			);
			name = Main.storyboard;
			sourceTree = "<group>";
		};
		457DB38524F286F900CEE8DF /* LaunchScreen.storyboard */ = {
			isa = PBXVariantGroup;
			children = (
				457DB38624F286F900CEE8DF /* Base */,
			);
			name = LaunchScreen.storyboard;
			sourceTree = "<group>";
		};
/* End PBXVariantGroup section */

/* Begin XCBuildConfiguration section */
		457DB38924F286F900CEE8DF /* Debug */ = {
			isa = XCBuildConfiguration;
			buildSettings = {
				ALWAYS_SEARCH_USER_PATHS = NO;
				CLANG_ANALYZER_NONNULL = YES;
				CLANG_ANALYZER_NUMBER_OBJECT_CONVERSION = YES_AGGRESSIVE;
				CLANG_CXX_LANGUAGE_STANDARD = "gnu++14";
				CLANG_CXX_LIBRARY = "libc++";
				CLANG_ENABLE_MODULES = YES;
				CLANG_ENABLE_OBJC_ARC = YES;
				CLANG_ENABLE_OBJC_WEAK = YES;
				CLANG_WARN_BLOCK_CAPTURE_AUTORELEASING = YES;
				CLANG_WARN_BOOL_CONVERSION = YES;
				CLANG_WARN_COMMA = YES;
				CLANG_WARN_CONSTANT_CONVERSION = YES;
				CLANG_WARN_DEPRECATED_OBJC_IMPLEMENTATIONS = YES;
				CLANG_WARN_DIRECT_OBJC_ISA_USAGE = YES_ERROR;
				CLANG_WARN_DOCUMENTATION_COMMENTS = YES;
				CLANG_WARN_EMPTY_BODY = YES;
				CLANG_WARN_ENUM_CONVERSION = YES;
				CLANG_WARN_INFINITE_RECURSION = YES;
				CLANG_WARN_INT_CONVERSION = YES;
				CLANG_WARN_NON_LITERAL_NULL_CONVERSION = YES;
				CLANG_WARN_OBJC_IMPLICIT_RETAIN_SELF = YES;
				CLANG_WARN_OBJC_LITERAL_CONVERSION = YES;
				CLANG_WARN_OBJC_ROOT_CLASS = YES_ERROR;
				CLANG_WARN_RANGE_LOOP_ANALYSIS = YES;
				CLANG_WARN_STRICT_PROTOTYPES = YES;
				CLANG_WARN_SUSPICIOUS_MOVE = YES;
				CLANG_WARN_UNGUARDED_AVAILABILITY = YES_AGGRESSIVE;
				CLANG_WARN_UNREACHABLE_CODE = YES;
				CLANG_WARN__DUPLICATE_METHOD_MATCH = YES;
				COPY_PHASE_STRIP = NO;
				DEBUG_INFORMATION_FORMAT = dwarf;
				ENABLE_STRICT_OBJC_MSGSEND = YES;
				ENABLE_TESTABILITY = YES;
				GCC_C_LANGUAGE_STANDARD = gnu11;
				GCC_DYNAMIC_NO_PIC = NO;
				GCC_NO_COMMON_BLOCKS = YES;
				GCC_OPTIMIZATION_LEVEL = 0;
				GCC_PREPROCESSOR_DEFINITIONS = (
					"DEBUG=1",
					"$(inherited)",
				);
				GCC_WARN_64_TO_32_BIT_CONVERSION = YES;
				GCC_WARN_ABOUT_RETURN_TYPE = YES_ERROR;
				GCC_WARN_UNDECLARED_SELECTOR = YES;
				GCC_WARN_UNINITIALIZED_AUTOS = YES_AGGRESSIVE;
				GCC_WARN_UNUSED_FUNCTION = YES;
				GCC_WARN_UNUSED_VARIABLE = YES;
				IPHONEOS_DEPLOYMENT_TARGET = 13.5;
				MTL_ENABLE_DEBUG_INFO = INCLUDE_SOURCE;
				MTL_FAST_MATH = YES;
				ONLY_ACTIVE_ARCH = YES;
				SDKROOT = iphoneos;
				SWIFT_ACTIVE_COMPILATION_CONDITIONS = DEBUG;
				SWIFT_OPTIMIZATION_LEVEL = "-Onone";
			};
			name = Debug;
		};
		457DB38A24F286F900CEE8DF /* Release */ = {
			isa = XCBuildConfiguration;
			buildSettings = {
				ALWAYS_SEARCH_USER_PATHS = NO;
				CLANG_ANALYZER_NONNULL = YES;
				CLANG_ANALYZER_NUMBER_OBJECT_CONVERSION = YES_AGGRESSIVE;
				CLANG_CXX_LANGUAGE_STANDARD = "gnu++14";
				CLANG_CXX_LIBRARY = "libc++";
				CLANG_ENABLE_MODULES = YES;
				CLANG_ENABLE_OBJC_ARC = YES;
				CLANG_ENABLE_OBJC_WEAK = YES;
				CLANG_WARN_BLOCK_CAPTURE_AUTORELEASING = YES;
				CLANG_WARN_BOOL_CONVERSION = YES;
				CLANG_WARN_COMMA = YES;
				CLANG_WARN_CONSTANT_CONVERSION = YES;
				CLANG_WARN_DEPRECATED_OBJC_IMPLEMENTATIONS = YES;
				CLANG_WARN_DIRECT_OBJC_ISA_USAGE = YES_ERROR;
				CLANG_WARN_DOCUMENTATION_COMMENTS = YES;
				CLANG_WARN_EMPTY_BODY = YES;
				CLANG_WARN_ENUM_CONVERSION = YES;
				CLANG_WARN_INFINITE_RECURSION = YES;
				CLANG_WARN_INT_CONVERSION = YES;
				CLANG_WARN_NON_LITERAL_NULL_CONVERSION = YES;
				CLANG_WARN_OBJC_IMPLICIT_RETAIN_SELF = YES;
				CLANG_WARN_OBJC_LITERAL_CONVERSION = YES;
				CLANG_WARN_OBJC_ROOT_CLASS = YES_ERROR;
				CLANG_WARN_RANGE_LOOP_ANALYSIS = YES;
				CLANG_WARN_STRICT_PROTOTYPES = YES;
				CLANG_WARN_SUSPICIOUS_MOVE = YES;
				CLANG_WARN_UNGUARDED_AVAILABILITY = YES_AGGRESSIVE;
				CLANG_WARN_UNREACHABLE_CODE = YES;
				CLANG_WARN__DUPLICATE_METHOD_MATCH = YES;
				COPY_PHASE_STRIP = NO;
				DEBUG_INFORMATION_FORMAT = "dwarf-with-dsym";
				ENABLE_NS_ASSERTIONS = NO;
				ENABLE_STRICT_OBJC_MSGSEND = YES;
				GCC_C_LANGUAGE_STANDARD = gnu11;
				GCC_NO_COMMON_BLOCKS = YES;
				GCC_WARN_64_TO_32_BIT_CONVERSION = YES;
				GCC_WARN_ABOUT_RETURN_TYPE = YES_ERROR;
				GCC_WARN_UNDECLARED_SELECTOR = YES;
				GCC_WARN_UNINITIALIZED_AUTOS = YES_AGGRESSIVE;
				GCC_WARN_UNUSED_FUNCTION = YES;
				GCC_WARN_UNUSED_VARIABLE = YES;
				IPHONEOS_DEPLOYMENT_TARGET = 13.5;
				MTL_ENABLE_DEBUG_INFO = NO;
				MTL_FAST_MATH = YES;
				SDKROOT = iphoneos;
				SWIFT_COMPILATION_MODE = wholemodule;
				SWIFT_OPTIMIZATION_LEVEL = "-O";
				VALIDATE_PRODUCT = YES;
			};
			name = Release;
		};
		457DB38C24F286F900CEE8DF /* Debug */ = {
			isa = XCBuildConfiguration;
			buildSettings = {
				ASSETCATALOG_COMPILER_APPICON_NAME = AppIcon;
				CODE_SIGN_STYLE = Automatic;
				INFOPLIST_FILE = "Mix Color/Info.plist";
				LD_RUNPATH_SEARCH_PATHS = (
					"$(inherited)",
					"@executable_path/Frameworks",
				);
				PRODUCT_BUNDLE_IDENTIFIER = "com.goWhites.Mix-Color";
				PRODUCT_NAME = "$(TARGET_NAME)";
				SWIFT_VERSION = 5.0;
				TARGETED_DEVICE_FAMILY = 1;
			};
			name = Debug;
		};
		457DB38D24F286F900CEE8DF /* Release */ = {
			isa = XCBuildConfiguration;
			buildSettings = {
				ASSETCATALOG_COMPILER_APPICON_NAME = AppIcon;
				CODE_SIGN_STYLE = Automatic;
				INFOPLIST_FILE = "Mix Color/Info.plist";
				LD_RUNPATH_SEARCH_PATHS = (
					"$(inherited)",
					"@executable_path/Frameworks",
				);
				PRODUCT_BUNDLE_IDENTIFIER = "com.goWhites.Mix-Color";
				PRODUCT_NAME = "$(TARGET_NAME)";
				SWIFT_VERSION = 5.0;
				TARGETED_DEVICE_FAMILY = 1;
			};
			name = Release;
		};
/* End XCBuildConfiguration section */

/* Begin XCConfigurationList section */
		457DB37224F286F800CEE8DF /* Build configuration list for PBXProject "Mix Color" */ = {
			isa = XCConfigurationList;
			buildConfigurations = (
				457DB38924F286F900CEE8DF /* Debug */,
				457DB38A24F286F900CEE8DF /* Release */,
			);
			defaultConfigurationIsVisible = 0;
			defaultConfigurationName = Release;
		};
		457DB38B24F286F900CEE8DF /* Build configuration list for PBXNativeTarget "Mix Color" */ = {
			isa = XCConfigurationList;
			buildConfigurations = (
				457DB38C24F286F900CEE8DF /* Debug */,
				457DB38D24F286F900CEE8DF /* Release */,
			);
			defaultConfigurationIsVisible = 0;
			defaultConfigurationName = Release;
		};
/* End XCConfigurationList section */
	};
	rootObject = 457DB36F24F286F800CEE8DF /* Project object */;
}
